Microsoft Visual Studio Solution File, Format Version 12.00
# Visual Studio Version 17
VisualStudioVersion = 17.5.2.0
MinimumVisualStudioVersion = 10.0.40219.1
Project("{FAE04EC0-301F-11D3-BF4B-00C04F79EFBC}") = "timer", "timer\timer.csproj", "{D96A1169-A55C-324D-8D5A-C3AE25C4C4A7}"
EndProject
Project("{2150E333-8FDC-42A3-9474-1A3956D46DE8}") = "timer (1)", "timer (1)", "{3DB32C9A-0BDD-F563-87AD-F954B4B94BE5}"
EndProject
Project("{2150E333-8FDC-42A3-9474-1A3956D46DE8}") = "obj", "obj", "{F21CA576-58CE-5C3C-D19B-45A45FA57A25}"
EndProject
Project("{2150E333-8FDC-42A3-9474-1A3956D46DE8}") = "Release", "Release", "{BA1E213F-0B7A-71F2-E14C-81B5AC40979D}"
EndProject
Project("{2150E333-8FDC-42A3-9474-1A3956D46DE8}") = "net8.0", "net8.0", "{CC472901-F5FD-0166-760D-56866D1DA903}"
EndProject
Project("{FAE04EC0-301F-11D3-BF4B-00C04F79EFBC}") = "WorkerExtensions", "timer\obj\Release\net8.0\WorkerExtensions\WorkerExtensions.csproj", "{F3C6C946-A896-209E-1E74-AD44AC72C348}"
EndProject
Global
	GlobalSection(SolutionConfigurationPlatforms) = preSolution
		Debug|Any CPU = Debug|Any CPU
		Release|Any CPU = Release|Any CPU
	EndGlobalSection
	GlobalSection(ProjectConfigurationPlatforms) = postSolution
		{D96A1169-A55C-324D-8D5A-C3AE25C4C4A7}.Debug|Any CPU.ActiveCfg = Debug|Any CPU
		{D96A1169-A55C-324D-8D5A-C3AE25C4C4A7}.Debug|Any CPU.Build.0 = Debug|Any CPU
		{D96A1169-A55C-324D-8D5A-C3AE25C4C4A7}.Release|Any CPU.ActiveCfg = Release|Any CPU
		{D96A1169-A55C-324D-8D5A-C3AE25C4C4A7}.Release|Any CPU.Build.0 = Release|Any CPU
		{F3C6C946-A896-209E-1E74-AD44AC72C348}.Debug|Any CPU.ActiveCfg = Debug|Any CPU
		{F3C6C946-A896-209E-1E74-AD44AC72C348}.Debug|Any CPU.Build.0 = Debug|Any CPU
		{F3C6C946-A896-209E-1E74-AD44AC72C348}.Release|Any CPU.ActiveCfg = Release|Any CPU
		{F3C6C946-A896-209E-1E74-AD44AC72C348}.Release|Any CPU.Build.0 = Release|Any CPU
	EndGlobalSection
	GlobalSection(SolutionProperties) = preSolution
		HideSolutionNode = FALSE
	EndGlobalSection
	GlobalSection(NestedProjects) = preSolution
		{F21CA576-58CE-5C3C-D19B-45A45FA57A25} = {3DB32C9A-0BDD-F563-87AD-F954B4B94BE5}
		{BA1E213F-0B7A-71F2-E14C-81B5AC40979D} = {F21CA576-58CE-5C3C-D19B-45A45FA57A25}
		{CC472901-F5FD-0166-760D-56866D1DA903} = {BA1E213F-0B7A-71F2-E14C-81B5AC40979D}
		{F3C6C946-A896-209E-1E74-AD44AC72C348} = {CC472901-F5FD-0166-760D-56866D1DA903}
	EndGlobalSection
	GlobalSection(ExtensibilityGlobals) = postSolution
		SolutionGuid = {41D81053-4271-4054-B40F-62EB9CA0C5DE}
	EndGlobalSection
EndGlobal
